
Microsoft Visual Studio Solution File, Format Version 12.00
# Visual Studio Version 17
VisualStudioVersion = 17.13.35828.75
MinimumVisualStudioVersion = 10.0.40219.1
Project("{FAE04EC0-301F-11D3-BF4B-00C04F79EFBC}") = "Presentation", "WebApp\Presentation.csproj", "{1B537434-1F83-4BBA-AC42-F1844AA707E6}"
EndProject
Project("{FAE04EC0-301F-11D3-BF4B-00C04F79EFBC}") = "Data", "Data\Data.csproj", "{F4ABA4C2-3536-4282-98D7-19FAD50BB6EC}"
EndProject
Project("{FAE04EC0-301F-11D3-BF4B-00C04F79EFBC}") = "Business", "Business\Business.csproj", "{D8F89653-9379-4315-BEDB-ECBFDCC0FA95}"
EndProject
Global
	GlobalSection(SolutionConfigurationPlatforms) = preSolution
		Debug|Any CPU = Debug|Any CPU
		Release|Any CPU = Release|Any CPU
	EndGlobalSection
	GlobalSection(ProjectConfigurationPlatforms) = postSolution
		{1B537434-1F83-4BBA-AC42-F1844AA707E6}.Debug|Any CPU.ActiveCfg = Debug|Any CPU
		{1B537434-1F83-4BBA-AC42-F1844AA707E6}.Debug|Any CPU.Build.0 = Debug|Any CPU
		{1B537434-1F83-4BBA-AC42-F1844AA707E6}.Release|Any CPU.ActiveCfg = Release|Any CPU
		{1B537434-1F83-4BBA-AC42-F1844AA707E6}.Release|Any CPU.Build.0 = Release|Any CPU
		{F4ABA4C2-3536-4282-98D7-19FAD50BB6EC}.Debug|Any CPU.ActiveCfg = Debug|Any CPU
		{F4ABA4C2-3536-4282-98D7-19FAD50BB6EC}.Debug|Any CPU.Build.0 = Debug|Any CPU
		{F4ABA4C2-3536-4282-98D7-19FAD50BB6EC}.Release|Any CPU.ActiveCfg = Release|Any CPU
		{F4ABA4C2-3536-4282-98D7-19FAD50BB6EC}.Release|Any CPU.Build.0 = Release|Any CPU
		{D8F89653-9379-4315-BEDB-ECBFDCC0FA95}.Debug|Any CPU.ActiveCfg = Debug|Any CPU
		{D8F89653-9379-4315-BEDB-ECBFDCC0FA95}.Debug|Any CPU.Build.0 = Debug|Any CPU
		{D8F89653-9379-4315-BEDB-ECBFDCC0FA95}.Release|Any CPU.ActiveCfg = Release|Any CPU
		{D8F89653-9379-4315-BEDB-ECBFDCC0FA95}.Release|Any CPU.Build.0 = Release|Any CPU
	EndGlobalSection
	GlobalSection(SolutionProperties) = preSolution
		HideSolutionNode = FALSE
	EndGlobalSection
	GlobalSection(ExtensibilityGlobals) = postSolution
		SolutionGuid = {10928EDA-21CB-40B4-94B7-BBA9466636EB}
	EndGlobalSection
EndGlobal
